
Microsoft Visual Studio Solution File, Format Version 12.00
# Visual Studio 15
VisualStudioVersion = 15.0.27703.2042
MinimumVisualStudioVersion = 10.0.40219.1
Project("{FAE04EC0-301F-11D3-BF4B-00C04F79EFBC}") = "PravilniyKod", "PravilniyKod\PravilniyKod.csproj", "{6F031D50-6C5D-4BDA-98D1-CA08421FE840}"
EndProject
Project("{FAE04EC0-301F-11D3-BF4B-00C04F79EFBC}") = "DomainModals", "DomainModals\DomainModals.csproj", "{C02501F2-BAA8-411E-8774-B4626BFA9807}"
EndProject
Project("{FAE04EC0-301F-11D3-BF4B-00C04F79EFBC}") = "DataAccessLayer.Abstract", "DataAccessLayer.Abstract\DataAccessLayer.Abstract.csproj", "{1D02ADEA-B07E-498B-B038-1FAA4BA93FCD}"
EndProject
Project("{FAE04EC0-301F-11D3-BF4B-00C04F79EFBC}") = "DataAccessLayer", "DataAccessLayer\DataAccessLayer.csproj", "{0B4EAB73-1F81-4DEF-B2F6-AD7DCCCCF000}"
EndProject
Project("{FAE04EC0-301F-11D3-BF4B-00C04F79EFBC}") = "Services.Abstract", "Services.Abstract\Services.Abstract.csproj", "{A774E0A1-6D79-4328-ADBC-9550945182D4}"
EndProject
Global
	GlobalSection(SolutionConfigurationPlatforms) = preSolution
		Debug|Any CPU = Debug|Any CPU
		Release|Any CPU = Release|Any CPU
	EndGlobalSection
	GlobalSection(ProjectConfigurationPlatforms) = postSolution
		{6F031D50-6C5D-4BDA-98D1-CA08421FE840}.Debug|Any CPU.ActiveCfg = Debug|Any CPU
		{6F031D50-6C5D-4BDA-98D1-CA08421FE840}.Debug|Any CPU.Build.0 = Debug|Any CPU
		{6F031D50-6C5D-4BDA-98D1-CA08421FE840}.Release|Any CPU.ActiveCfg = Release|Any CPU
		{6F031D50-6C5D-4BDA-98D1-CA08421FE840}.Release|Any CPU.Build.0 = Release|Any CPU
		{C02501F2-BAA8-411E-8774-B4626BFA9807}.Debug|Any CPU.ActiveCfg = Debug|Any CPU
		{C02501F2-BAA8-411E-8774-B4626BFA9807}.Debug|Any CPU.Build.0 = Debug|Any CPU
		{C02501F2-BAA8-411E-8774-B4626BFA9807}.Release|Any CPU.ActiveCfg = Release|Any CPU
		{C02501F2-BAA8-411E-8774-B4626BFA9807}.Release|Any CPU.Build.0 = Release|Any CPU
		{1D02ADEA-B07E-498B-B038-1FAA4BA93FCD}.Debug|Any CPU.ActiveCfg = Debug|Any CPU
		{1D02ADEA-B07E-498B-B038-1FAA4BA93FCD}.Debug|Any CPU.Build.0 = Debug|Any CPU
		{1D02ADEA-B07E-498B-B038-1FAA4BA93FCD}.Release|Any CPU.ActiveCfg = Release|Any CPU
		{1D02ADEA-B07E-498B-B038-1FAA4BA93FCD}.Release|Any CPU.Build.0 = Release|Any CPU
		{0B4EAB73-1F81-4DEF-B2F6-AD7DCCCCF000}.Debug|Any CPU.ActiveCfg = Debug|Any CPU
		{0B4EAB73-1F81-4DEF-B2F6-AD7DCCCCF000}.Debug|Any CPU.Build.0 = Debug|Any CPU
		{0B4EAB73-1F81-4DEF-B2F6-AD7DCCCCF000}.Release|Any CPU.ActiveCfg = Release|Any CPU
		{0B4EAB73-1F81-4DEF-B2F6-AD7DCCCCF000}.Release|Any CPU.Build.0 = Release|Any CPU
		{A774E0A1-6D79-4328-ADBC-9550945182D4}.Debug|Any CPU.ActiveCfg = Debug|Any CPU
		{A774E0A1-6D79-4328-ADBC-9550945182D4}.Debug|Any CPU.Build.0 = Debug|Any CPU
		{A774E0A1-6D79-4328-ADBC-9550945182D4}.Release|Any CPU.ActiveCfg = Release|Any CPU
		{A774E0A1-6D79-4328-ADBC-9550945182D4}.Release|Any CPU.Build.0 = Release|Any CPU
	EndGlobalSection
	GlobalSection(SolutionProperties) = preSolution
		HideSolutionNode = FALSE
	EndGlobalSection
	GlobalSection(ExtensibilityGlobals) = postSolution
		SolutionGuid = {20A6C486-2096-46EC-A81C-166BDF201417}
	EndGlobalSection
EndGlobal
